
Microsoft Visual Studio Solution File, Format Version 12.00
# Visual Studio Version 17
VisualStudioVersion = 17.14.36310.24 d17.14
MinimumVisualStudioVersion = 10.0.40219.1
Project("{FAE04EC0-301F-11D3-BF4B-00C04F79EFBC}") = "SentimentAnalyzerApp", "SentimentAnalyzerApp.csproj", "{5FD6C4E8-AC7E-4885-844A-1C4B8EDA548F}"
EndProject
Global
	GlobalSection(SolutionConfigurationPlatforms) = preSolution
		Debug|Any CPU = Debug|Any CPU
		Release|Any CPU = Release|Any CPU
	EndGlobalSection
	GlobalSection(ProjectConfigurationPlatforms) = postSolution
		{5FD6C4E8-AC7E-4885-844A-1C4B8EDA548F}.Debug|Any CPU.ActiveCfg = Debug|Any CPU
		{5FD6C4E8-AC7E-4885-844A-1C4B8EDA548F}.Debug|Any CPU.Build.0 = Debug|Any CPU
		{5FD6C4E8-AC7E-4885-844A-1C4B8EDA548F}.Release|Any CPU.ActiveCfg = Release|Any CPU
		{5FD6C4E8-AC7E-4885-844A-1C4B8EDA548F}.Release|Any CPU.Build.0 = Release|Any CPU
	EndGlobalSection
	GlobalSection(SolutionProperties) = preSolution
		HideSolutionNode = FALSE
	EndGlobalSection
	GlobalSection(ExtensibilityGlobals) = postSolution
		SolutionGuid = {5613A11B-64A8-481C-89EA-CA5367CB5182}
	EndGlobalSection
EndGlobal
